# THIS IS AN AUTOGENERATED FILE. DO NOT EDIT THIS FILE DIRECTLY.
# yarn lockfile v1


bulma@^0.8.2:
  version "0.8.2"
  resolved "https://registry.yarnpkg.com/bulma/-/bulma-0.8.2.tgz#5d928f16ed4a84549c2873f95c92c38c69c631a7"
  integrity sha512-vMM/ijYSxX+Sm+nD7Lmc1UgWDy2JcL2nTKqwgEqXuOMU+IGALbXd5MLt/BcjBAPLIx36TtzhzBcSnOP974gcqA==

elm-canvas@^2.2.4:
  version "2.2.4"
  resolved "https://registry.yarnpkg.com/elm-canvas/-/elm-canvas-2.2.4.tgz#7204789ca5667efe56804302938e6894df8f6751"
  integrity sha512-Kc2MD5CO161/+6WWfzmRB14v4D4RFTK9+7oWOCKVLIxNdud4YYvFIwfJS5PrhMGfiyqxK64ie2FDIcFGLVJdbw==
