# THIS IS AN AUTOGENERATED FILE. DO NOT EDIT THIS FILE DIRECTLY.
# yarn lockfile v1


elm-canvas@^2.2.3:
  version "2.2.3"
  resolved "https://registry.yarnpkg.com/elm-canvas/-/elm-canvas-2.2.3.tgz#0f763ef698262653c5e506caf2fa87baf410bfa8"
  integrity sha512-xwbTvvYfOz0i4jEFpVIwJSahE09QYMTc/Q29LUoVHQB4msrfzU7rAUuaSia7F+zFsllTUIp62n4roIXmuiFy3Q==
